
Microsoft Visual Studio Solution File, Format Version 12.00
# Visual Studio Version 16
VisualStudioVersion = 25.0.1706.14
MinimumVisualStudioVersion = 10.0.40219.1
Project("{FAE04EC0-301F-11D3-BF4B-00C04F79EFBC}") = "Front_Login", "Front_Login\Front_Login.csproj", "{5F5B4BE0-0A26-428B-9BA3-CC21550B955F}"
EndProject
Global
	GlobalSection(SolutionConfigurationPlatforms) = preSolution
		Debug|Any CPU = Debug|Any CPU
		Release|Any CPU = Release|Any CPU
	EndGlobalSection
	GlobalSection(ProjectConfigurationPlatforms) = postSolution
		{5F5B4BE0-0A26-428B-9BA3-CC21550B955F}.Debug|Any CPU.ActiveCfg = Debug|Any CPU
		{5F5B4BE0-0A26-428B-9BA3-CC21550B955F}.Debug|Any CPU.Build.0 = Debug|Any CPU
		{5F5B4BE0-0A26-428B-9BA3-CC21550B955F}.Release|Any CPU.ActiveCfg = Release|Any CPU
		{5F5B4BE0-0A26-428B-9BA3-CC21550B955F}.Release|Any CPU.Build.0 = Release|Any CPU
	EndGlobalSection
	GlobalSection(SolutionProperties) = preSolution
		HideSolutionNode = FALSE
	EndGlobalSection
	GlobalSection(ExtensibilityGlobals) = postSolution
		SolutionGuid = {119A30EB-078C-4CBC-B3F9-8E5D886F0B7E}
	EndGlobalSection
EndGlobal
